
Microsoft Visual Studio Solution File, Format Version 12.00
# Visual Studio Version 17
VisualStudioVersion = 17.13.35931.197
MinimumVisualStudioVersion = 10.0.40219.1
Project("{FAE04EC0-301F-11D3-BF4B-00C04F79EFBC}") = "SLC-GQIDS-DataFormats", "SLC-GQIDS-DataFormats\SLC-GQIDS-DataFormats.csproj", "{31F2E346-24CE-418F-B868-D1F3C785DFA6}"
EndProject
Project("{2150E333-8FDC-42A3-9474-1A3956D46DE8}") = "Internal", "Internal", "{02EA681E-C7D8-13C7-8484-4AC65E1B71E8}"
EndProject
Project("{2150E333-8FDC-42A3-9474-1A3956D46DE8}") = "Code Analysis", "Code Analysis", "{0582B8C0-B85E-4D08-AD78-5E110480C0E4}"
	ProjectSection(SolutionItems) = preProject
		Internal\Code Analysis\qaction-debug.ruleset = Internal\Code Analysis\qaction-debug.ruleset
		Internal\Code Analysis\qaction-release.ruleset = Internal\Code Analysis\qaction-release.ruleset
		Internal\Code Analysis\stylecop.json = Internal\Code Analysis\stylecop.json
	EndProjectSection
EndProject
Project("{FAE04EC0-301F-11D3-BF4B-00C04F79EFBC}") = "SLC-GQIDS-DataFormatReadCsvFile", "SLC-GQIDS-DataFormatReadCsvFile\SLC-GQIDS-DataFormatReadCsvFile.csproj", "{8F01B23A-D56E-44DD-9CEB-A0B801718798}"
EndProject
Project("{FAE04EC0-301F-11D3-BF4B-00C04F79EFBC}") = "SLC-GQIDS-DataFormatReadJsonFile", "SLC-GQIDS-DataFormatReadJsonFile\SLC-GQIDS-DataFormatReadJsonFile.csproj", "{B90123A2-8A13-42C7-A585-CC12D8FEC30E}"
EndProject
Project("{FAE04EC0-301F-11D3-BF4B-00C04F79EFBC}") = "SLC-GQIDS-DataFormatReadXmlFile", "SLC-GQIDS-DataFormatReadXmlFile\SLC-GQIDS-DataFormatReadXmlFile.csproj", "{B1A2E44B-C509-44A0-BFF0-20A8D0F56397}"
EndProject
Project("{FAE04EC0-301F-11D3-BF4B-00C04F79EFBC}") = "SLC-GQIDS-DataFormatReadDirectory", "SLC-GQIDS-DataFormatReadDirectory\SLC-GQIDS-DataFormatReadDirectory.csproj", "{CA632995-B896-4119-B3A4-398C079BB64F}"
EndProject
Project("{2150E333-8FDC-42A3-9474-1A3956D46DE8}") = "Solution Items", "Solution Items", "{8EC462FD-D22E-90A8-E5CE-7E832BA40C5D}"
EndProject
Project("{D954291E-2A0B-460D-934E-DC6B0785DB48}") = "GQIHelper", "GQIHelper\GQIHelper.shproj", "{07F8F895-AA97-4148-98D8-598E7EBA8122}"
EndProject
Project("{FAE04EC0-301F-11D3-BF4B-00C04F79EFBC}") = "SLC-GQIDO-Divide", "SLC-GQIDO-Divide\SLC-GQIDO-Divide.csproj", "{DC70B748-E925-4CB3-9032-609F1CDA47C4}"
EndProject
Project("{FAE04EC0-301F-11D3-BF4B-00C04F79EFBC}") = "Rename Column", "Rename Column\Rename Column.csproj", "{8A7031F0-7F87-77F9-60DE-04BCF3B21C35}"
EndProject
Global
	GlobalSection(SolutionConfigurationPlatforms) = preSolution
		Debug|Any CPU = Debug|Any CPU
		Release|Any CPU = Release|Any CPU
	EndGlobalSection
	GlobalSection(ProjectConfigurationPlatforms) = postSolution
		{31F2E346-24CE-418F-B868-D1F3C785DFA6}.Debug|Any CPU.ActiveCfg = Debug|Any CPU
		{31F2E346-24CE-418F-B868-D1F3C785DFA6}.Debug|Any CPU.Build.0 = Debug|Any CPU
		{31F2E346-24CE-418F-B868-D1F3C785DFA6}.Release|Any CPU.ActiveCfg = Release|Any CPU
		{31F2E346-24CE-418F-B868-D1F3C785DFA6}.Release|Any CPU.Build.0 = Release|Any CPU
		{8F01B23A-D56E-44DD-9CEB-A0B801718798}.Debug|Any CPU.ActiveCfg = Debug|Any CPU
		{8F01B23A-D56E-44DD-9CEB-A0B801718798}.Debug|Any CPU.Build.0 = Debug|Any CPU
		{8F01B23A-D56E-44DD-9CEB-A0B801718798}.Release|Any CPU.ActiveCfg = Release|Any CPU
		{8F01B23A-D56E-44DD-9CEB-A0B801718798}.Release|Any CPU.Build.0 = Release|Any CPU
		{B90123A2-8A13-42C7-A585-CC12D8FEC30E}.Debug|Any CPU.ActiveCfg = Debug|Any CPU
		{B90123A2-8A13-42C7-A585-CC12D8FEC30E}.Debug|Any CPU.Build.0 = Debug|Any CPU
		{B90123A2-8A13-42C7-A585-CC12D8FEC30E}.Release|Any CPU.ActiveCfg = Release|Any CPU
		{B90123A2-8A13-42C7-A585-CC12D8FEC30E}.Release|Any CPU.Build.0 = Release|Any CPU
		{B1A2E44B-C509-44A0-BFF0-20A8D0F56397}.Debug|Any CPU.ActiveCfg = Debug|Any CPU
		{B1A2E44B-C509-44A0-BFF0-20A8D0F56397}.Debug|Any CPU.Build.0 = Debug|Any CPU
		{B1A2E44B-C509-44A0-BFF0-20A8D0F56397}.Release|Any CPU.ActiveCfg = Release|Any CPU
		{B1A2E44B-C509-44A0-BFF0-20A8D0F56397}.Release|Any CPU.Build.0 = Release|Any CPU
		{CA632995-B896-4119-B3A4-398C079BB64F}.Debug|Any CPU.ActiveCfg = Debug|Any CPU
		{CA632995-B896-4119-B3A4-398C079BB64F}.Debug|Any CPU.Build.0 = Debug|Any CPU
		{CA632995-B896-4119-B3A4-398C079BB64F}.Release|Any CPU.ActiveCfg = Release|Any CPU
		{CA632995-B896-4119-B3A4-398C079BB64F}.Release|Any CPU.Build.0 = Release|Any CPU
		{DC70B748-E925-4CB3-9032-609F1CDA47C4}.Debug|Any CPU.ActiveCfg = Debug|Any CPU
		{DC70B748-E925-4CB3-9032-609F1CDA47C4}.Debug|Any CPU.Build.0 = Debug|Any CPU
		{DC70B748-E925-4CB3-9032-609F1CDA47C4}.Release|Any CPU.ActiveCfg = Release|Any CPU
		{DC70B748-E925-4CB3-9032-609F1CDA47C4}.Release|Any CPU.Build.0 = Release|Any CPU
		{8A7031F0-7F87-77F9-60DE-04BCF3B21C35}.Debug|Any CPU.ActiveCfg = Debug|Any CPU
		{8A7031F0-7F87-77F9-60DE-04BCF3B21C35}.Debug|Any CPU.Build.0 = Debug|Any CPU
		{8A7031F0-7F87-77F9-60DE-04BCF3B21C35}.Release|Any CPU.ActiveCfg = Release|Any CPU
		{8A7031F0-7F87-77F9-60DE-04BCF3B21C35}.Release|Any CPU.Build.0 = Release|Any CPU
	EndGlobalSection
	GlobalSection(SolutionProperties) = preSolution
		HideSolutionNode = FALSE
	EndGlobalSection
	GlobalSection(NestedProjects) = preSolution
		{0582B8C0-B85E-4D08-AD78-5E110480C0E4} = {02EA681E-C7D8-13C7-8484-4AC65E1B71E8}
		{07F8F895-AA97-4148-98D8-598E7EBA8122} = {8EC462FD-D22E-90A8-E5CE-7E832BA40C5D}
	EndGlobalSection
	GlobalSection(ExtensibilityGlobals) = postSolution
		SolutionGuid = {8666C2EE-B65A-4E96-BDAF-7443299111CF}
	EndGlobalSection
	GlobalSection(SharedMSBuildProjectFiles) = preSolution
		GQIHelper\GQIHelper.projitems*{07f8f895-aa97-4148-98d8-598e7eba8122}*SharedItemsImports = 13
		GQIHelper\GQIHelper.projitems*{8f01b23a-d56e-44dd-9ceb-a0b801718798}*SharedItemsImports = 5
		GQIHelper\GQIHelper.projitems*{b1a2e44b-c509-44a0-bff0-20a8d0f56397}*SharedItemsImports = 5
		GQIHelper\GQIHelper.projitems*{b90123a2-8a13-42c7-a585-cc12d8fec30e}*SharedItemsImports = 5
	EndGlobalSection
EndGlobal
